PODS:
  - Alamofire (3.3.1)
  - CryptoSwift (0.4)

DEPENDENCIES:
  - Alamofire (~> 3.3)
  - CryptoSwift

SPEC CHECKSUMS:
  Alamofire: 369bc67b6f5ac33ded3648d7bd21c5bfb91c2ecc
  CryptoSwift: 584eac7d00b2f497fe7b20de271b8c0c52fff844

PODFILE CHECKSUM: 9221891fec1df67ae8aec56844575bbc421c8f48

COCOAPODS: 1.0.0
