PODS:
  - Alamofire (3.4.0)
  - CryptoSwift (0.5)

DEPENDENCIES:
  - Alamofire (~> 3.4)
  - CryptoSwift

SPEC CHECKSUMS:
  Alamofire: c19a627cefd6a95f840401c49ab1f124e07f54ee
  CryptoSwift: b89d89caad9e5bc417b054078635eeb22bcddf54

PODFILE CHECKSUM: a1e9cae8c6537267345d917caaa12d4acb4149fd

COCOAPODS: 1.0.0
