// !$*UTF8*$!
{
	archiveVersion = 1;
	classes = {
	};
	objectVersion = 46;
	objects = {

/* Begin PBXBuildFile section */
		11D5FE15D94CB13A1228C15E /* Pods_MovieNight.framework in Frameworks */ = {isa = PBXBuildFile; fileRef = 0F7988038CD2D3ABC136D172 /* Pods_MovieNight.framework */; };
		20C1882A1D0BFF940001C3A2 /* MovieTableViewCell.swift in Sources */ = {isa = PBXBuildFile; fileRef = 20C188291D0BFF940001C3A2 /* MovieTableViewCell.swift */; };
		93929D541CCFEE9100B23EC4 /* MovieListViewController.swift in Sources */ = {isa = PBXBuildFile; fileRef = 93929D531CCFEE9100B23EC4 /* MovieListViewController.swift */; };
		A03E41001D3BA7C80013B2D2 /* DetailTableViewController.swift in Sources */ = {isa = PBXBuildFile; fileRef = A03E40FF1D3BA7C80013B2D2 /* DetailTableViewController.swift */; };
		A03E41021D3BAAFF0013B2D2 /* InfoCell.swift in Sources */ = {isa = PBXBuildFile; fileRef = A03E41011D3BAAFF0013B2D2 /* InfoCell.swift */; };
		A03E41041D3BAE4A0013B2D2 /* Main.storyboard in Resources */ = {isa = PBXBuildFile; fileRef = A03E41031D3BAE4A0013B2D2 /* Main.storyboard */; };
		A03E41061D3BB4A40013B2D2 /* ShowtimeCell.swift in Sources */ = {isa = PBXBuildFile; fileRef = A03E41051D3BB4A40013B2D2 /* ShowtimeCell.swift */; };
		A03F40611CCFC20E0020201E /* AppDelegate.swift in Sources */ = {isa = PBXBuildFile; fileRef = A03F40601CCFC20E0020201E /* AppDelegate.swift */; };
		A03F40631CCFC20E0020201E /* ViewController.swift in Sources */ = {isa = PBXBuildFile; fileRef = A03F40621CCFC20E0020201E /* ViewController.swift */; };
		A03F40681CCFC20E0020201E /* Assets.xcassets in Resources */ = {isa = PBXBuildFile; fileRef = A03F40671CCFC20E0020201E /* Assets.xcassets */; };
		A03F406B1CCFC20E0020201E /* LaunchScreen.storyboard in Resources */ = {isa = PBXBuildFile; fileRef = A03F40691CCFC20E0020201E /* LaunchScreen.storyboard */; };
		A05CDCD51CD15A3B00258960 /* MovieNightAPI.swift in Sources */ = {isa = PBXBuildFile; fileRef = A05CDCD41CD15A3B00258960 /* MovieNightAPI.swift */; };
		A06063891D1693C500BA513F /* MapKit.framework in Frameworks */ = {isa = PBXBuildFile; fileRef = A06063881D1693C500BA513F /* MapKit.framework */; };
		A060638B1D16D87C00BA513F /* TheaterTableViewCell.swift in Sources */ = {isa = PBXBuildFile; fileRef = A060638A1D16D87C00BA513F /* TheaterTableViewCell.swift */; };
		A060638D1D16E21700BA513F /* TheaterTableViewController.swift in Sources */ = {isa = PBXBuildFile; fileRef = A060638C1D16E21700BA513F /* TheaterTableViewController.swift */; };
		A0B6C3351D2D2E4400D582DC /* mapVC.swift in Sources */ = {isa = PBXBuildFile; fileRef = A0B6C3341D2D2E4400D582DC /* mapVC.swift */; };
		A0D58E9B1D0EDFAD00A9D3BD /* Movie.swift in Sources */ = {isa = PBXBuildFile; fileRef = A0D58E9A1D0EDFAD00A9D3BD /* Movie.swift */; };
		A0EC544E1D192F8A00BC7606 /* Theater.swift in Sources */ = {isa = PBXBuildFile; fileRef = A0EC544D1D192F8A00BC7606 /* Theater.swift */; };
/* End PBXBuildFile section */

/* Begin PBXFileReference section */
		0F7988038CD2D3ABC136D172 /* Pods_MovieNight.framework */ = {isa = PBXFileReference; explicitFileType = wrapper.framework; includeInIndex = 0; path = Pods_MovieNight.framework; sourceTree = BUILT_PRODUCTS_DIR; };
		20C188291D0BFF940001C3A2 /* MovieTableViewCell.swift */ = {isa = PBXFileReference; fileEncoding = 4; lastKnownFileType = sourcecode.swift; path = MovieTableViewCell.swift; sourceTree = "<group>"; };
		6F03D8DA23771BDE56100024 /* Pods-MovieNight.release.xcconfig */ = {isa = PBXFileReference; includeInIndex = 1; lastKnownFileType = text.xcconfig; name = "Pods-MovieNight.release.xcconfig"; path = "Pods/Target Support Files/Pods-MovieNight/Pods-MovieNight.release.xcconfig"; sourceTree = "<group>"; };
		8E6BED1C1AB5FA0D99FF918B /* Pods-MovieNight.debug.xcconfig */ = {isa = PBXFileReference; includeInIndex = 1; lastKnownFileType = text.xcconfig; name = "Pods-MovieNight.debug.xcconfig"; path = "Pods/Target Support Files/Pods-MovieNight/Pods-MovieNight.debug.xcconfig"; sourceTree = "<group>"; };
		93929D531CCFEE9100B23EC4 /* MovieListViewController.swift */ = {isa = PBXFileReference; fileEncoding = 4; lastKnownFileType = sourcecode.swift; path = MovieListViewController.swift; sourceTree = "<group>"; };
		A03E40FF1D3BA7C80013B2D2 /* DetailTableViewController.swift */ = {isa = PBXFileReference; fileEncoding = 4; lastKnownFileType = sourcecode.swift; path = DetailTableViewController.swift; sourceTree = "<group>"; };
		A03E41011D3BAAFF0013B2D2 /* InfoCell.swift */ = {isa = PBXFileReference; fileEncoding = 4; lastKnownFileType = sourcecode.swift; path = InfoCell.swift; sourceTree = "<group>"; };
		A03E41031D3BAE4A0013B2D2 /* Main.storyboard */ = {isa = PBXFileReference; fileEncoding = 4; lastKnownFileType = file.storyboard; name = Main.storyboard; path = Base.lproj/Main.storyboard; sourceTree = "<group>"; };
		A03E41051D3BB4A40013B2D2 /* ShowtimeCell.swift */ = {isa = PBXFileReference; fileEncoding = 4; lastKnownFileType = sourcecode.swift; path = ShowtimeCell.swift; sourceTree = "<group>"; };
		A03F405D1CCFC20E0020201E /* MovieNight.app */ = {isa = PBXFileReference; explicitFileType = wrapper.application; includeInIndex = 0; path = MovieNight.app; sourceTree = BUILT_PRODUCTS_DIR; };
		A03F40601CCFC20E0020201E /* AppDelegate.swift */ = {isa = PBXFileReference; lastKnownFileType = sourcecode.swift; path = AppDelegate.swift; sourceTree = "<group>"; };
		A03F40621CCFC20E0020201E /* ViewController.swift */ = {isa = PBXFileReference; lastKnownFileType = sourcecode.swift; path = ViewController.swift; sourceTree = "<group>"; };
		A03F40671CCFC20E0020201E /* Assets.xcassets */ = {isa = PBXFileReference; lastKnownFileType = folder.assetcatalog; path = Assets.xcassets; sourceTree = "<group>"; };
		A03F406A1CCFC20E0020201E /* Base */ = {isa = PBXFileReference; lastKnownFileType = file.storyboard; name = Base; path = Base.lproj/LaunchScreen.storyboard; sourceTree = "<group>"; };
		A03F406C1CCFC20E0020201E /* Info.plist */ = {isa = PBXFileReference; lastKnownFileType = text.plist.xml; path = Info.plist; sourceTree = "<group>"; };
		A05CDCD41CD15A3B00258960 /* MovieNightAPI.swift */ = {isa = PBXFileReference; fileEncoding = 4; lastKnownFileType = sourcecode.swift; path = MovieNightAPI.swift; sourceTree = "<group>"; };
		A06063881D1693C500BA513F /* MapKit.framework */ = {isa = PBXFileReference; lastKnownFileType = wrapper.framework; name = MapKit.framework; path = System/Library/Frameworks/MapKit.framework; sourceTree = SDKROOT; };
		A060638A1D16D87C00BA513F /* TheaterTableViewCell.swift */ = {isa = PBXFileReference; fileEncoding = 4; lastKnownFileType = sourcecode.swift; path = TheaterTableViewCell.swift; sourceTree = "<group>"; };
		A060638C1D16E21700BA513F /* TheaterTableViewController.swift */ = {isa = PBXFileReference; fileEncoding = 4; lastKnownFileType = sourcecode.swift; path = TheaterTableViewController.swift; sourceTree = "<group>"; };
		A0B6C3341D2D2E4400D582DC /* mapVC.swift */ = {isa = PBXFileReference; fileEncoding = 4; lastKnownFileType = sourcecode.swift; path = mapVC.swift; sourceTree = "<group>"; };
		A0D58E9A1D0EDFAD00A9D3BD /* Movie.swift */ = {isa = PBXFileReference; fileEncoding = 4; lastKnownFileType = sourcecode.swift; path = Movie.swift; sourceTree = "<group>"; };
		A0EC544D1D192F8A00BC7606 /* Theater.swift */ = {isa = PBXFileReference; fileEncoding = 4; lastKnownFileType = sourcecode.swift; path = Theater.swift; sourceTree = "<group>"; };
/* End PBXFileReference section */

/* Begin PBXFrameworksBuildPhase section */
		A03F405A1CCFC20E0020201E /* Frameworks */ = {
			isa = PBXFrameworksBuildPhase;
			buildActionMask = 2147483647;
			files = (
				A06063891D1693C500BA513F /* MapKit.framework in Frameworks */,
				11D5FE15D94CB13A1228C15E /* Pods_MovieNight.framework in Frameworks */,
			);
			runOnlyForDeploymentPostprocessing = 0;
		};
/* End PBXFrameworksBuildPhase section */

/* Begin PBXGroup section */
		4DDD7D7907435C17B15ED3A5 /* Frameworks */ = {
			isa = PBXGroup;
			children = (
				A06063881D1693C500BA513F /* MapKit.framework */,
				0F7988038CD2D3ABC136D172 /* Pods_MovieNight.framework */,
			);
			name = Frameworks;
			sourceTree = "<group>";
		};
		91D794B2708EDCD777987B98 /* Pods */ = {
			isa = PBXGroup;
			children = (
				8E6BED1C1AB5FA0D99FF918B /* Pods-MovieNight.debug.xcconfig */,
				6F03D8DA23771BDE56100024 /* Pods-MovieNight.release.xcconfig */,
			);
			name = Pods;
			sourceTree = "<group>";
		};
		A03E40FE1D3BA6BE0013B2D2 /* detailView */ = {
			isa = PBXGroup;
			children = (
				A03E41051D3BB4A40013B2D2 /* ShowtimeCell.swift */,
				A03E41011D3BAAFF0013B2D2 /* InfoCell.swift */,
				A03E40FF1D3BA7C80013B2D2 /* DetailTableViewController.swift */,
			);
			name = detailView;
			sourceTree = "<group>";
		};
		A03F40541CCFC20E0020201E = {
			isa = PBXGroup;
			children = (
				A03F405F1CCFC20E0020201E /* MovieNight */,
				A03F405E1CCFC20E0020201E /* Products */,
				4DDD7D7907435C17B15ED3A5 /* Frameworks */,
				91D794B2708EDCD777987B98 /* Pods */,
			);
			sourceTree = "<group>";
		};
		A03F405E1CCFC20E0020201E /* Products */ = {
			isa = PBXGroup;
			children = (
				A03F405D1CCFC20E0020201E /* MovieNight.app */,
			);
			name = Products;
			sourceTree = "<group>";
		};
		A03F405F1CCFC20E0020201E /* MovieNight */ = {
			isa = PBXGroup;
			children = (
				A03E40FE1D3BA6BE0013B2D2 /* detailView */,
				A03F40601CCFC20E0020201E /* AppDelegate.swift */,
				A03F40621CCFC20E0020201E /* ViewController.swift */,
				A05CDCD41CD15A3B00258960 /* MovieNightAPI.swift */,
				A0D58E9A1D0EDFAD00A9D3BD /* Movie.swift */,
				A03E41031D3BAE4A0013B2D2 /* Main.storyboard */,
				A060638C1D16E21700BA513F /* TheaterTableViewController.swift */,
				93929D531CCFEE9100B23EC4 /* MovieListViewController.swift */,
				A0B6C3341D2D2E4400D582DC /* mapVC.swift */,
				A0EC544D1D192F8A00BC7606 /* Theater.swift */,
				20C188291D0BFF940001C3A2 /* MovieTableViewCell.swift */,
				A060638A1D16D87C00BA513F /* TheaterTableViewCell.swift */,
				A03F40671CCFC20E0020201E /* Assets.xcassets */,
				A03F40691CCFC20E0020201E /* LaunchScreen.storyboard */,
				A03F406C1CCFC20E0020201E /* Info.plist */,
			);
			path = MovieNight;
			sourceTree = "<group>";
		};
/* End PBXGroup section */

/* Begin PBXNativeTarget section */
		A03F405C1CCFC20E0020201E /* MovieNight */ = {
			isa = PBXNativeTarget;
			buildConfigurationList = A03F406F1CCFC20E0020201E /* Build configuration list for PBXNativeTarget "MovieNight" */;
			buildPhases = (
				EDB7F10DADA6D1FF04162DFC /* [CP] Check Pods Manifest.lock */,
				A03F40591CCFC20E0020201E /* Sources */,
				A03F405A1CCFC20E0020201E /* Frameworks */,
				A03F405B1CCFC20E0020201E /* Resources */,
				F60F6CC37EEBB0D635544E60 /* [CP] Embed Pods Frameworks */,
				DA9038E8964203676F096957 /* [CP] Copy Pods Resources */,
			);
			buildRules = (
			);
			dependencies = (
			);
			name = MovieNight;
			productName = MovieNight;
			productReference = A03F405D1CCFC20E0020201E /* MovieNight.app */;
			productType = "com.apple.product-type.application";
		};
/* End PBXNativeTarget section */

/* Begin PBXProject section */
		A03F40551CCFC20E0020201E /* Project object */ = {
			isa = PBXProject;
			attributes = {
				LastSwiftUpdateCheck = 0730;
				LastUpgradeCheck = 0730;
				ORGANIZATIONNAME = "Gwendal Lasson";
				TargetAttributes = {
					A03F405C1CCFC20E0020201E = {
						CreatedOnToolsVersion = 7.3;
						DevelopmentTeam = KA74PPR2DQ;
						SystemCapabilities = {
							com.apple.HomeKit = {
								enabled = 0;
							};
							com.apple.Maps.iOS = {
								enabled = 1;
							};
							com.apple.Push = {
								enabled = 0;
							};
						};
					};
				};
			};
			buildConfigurationList = A03F40581CCFC20E0020201E /* Build configuration list for PBXProject "MovieNight" */;
			compatibilityVersion = "Xcode 3.2";
			developmentRegion = English;
			hasScannedForEncodings = 0;
			knownRegions = (
				en,
				Base,
			);
			mainGroup = A03F40541CCFC20E0020201E;
			productRefGroup = A03F405E1CCFC20E0020201E /* Products */;
			projectDirPath = "";
			projectRoot = "";
			targets = (
				A03F405C1CCFC20E0020201E /* MovieNight */,
			);
		};
/* End PBXProject section */

/* Begin PBXResourcesBuildPhase section */
		A03F405B1CCFC20E0020201E /* Resources */ = {
			isa = PBXResourcesBuildPhase;
			buildActionMask = 2147483647;
			files = (
				A03E41041D3BAE4A0013B2D2 /* Main.storyboard in Resources */,
				A03F406B1CCFC20E0020201E /* LaunchScreen.storyboard in Resources */,
				A03F40681CCFC20E0020201E /* Assets.xcassets in Resources */,
			);
			runOnlyForDeploymentPostprocessing = 0;
		};
/* End PBXResourcesBuildPhase section */

/* Begin PBXShellScriptBuildPhase section */
		DA9038E8964203676F096957 /* [CP] Copy Pods Resources */ = {
			isa = PBXShellScriptBuildPhase;
			buildActionMask = 2147483647;
			files = (
			);
			inputPaths = (
			);
			name = "[CP] Copy Pods Resources";
			outputPaths = (
			);
			runOnlyForDeploymentPostprocessing = 0;
			shellPath = /bin/sh;
			shellScript = "\"${SRCROOT}/Pods/Target Support Files/Pods-MovieNight/Pods-MovieNight-resources.sh\"\n";
			showEnvVarsInLog = 0;
		};
		EDB7F10DADA6D1FF04162DFC /* [CP] Check Pods Manifest.lock */ = {
			isa = PBXShellScriptBuildPhase;
			buildActionMask = 2147483647;
			files = (
			);
			inputPaths = (
			);
			name = "[CP] Check Pods Manifest.lock";
			outputPaths = (
			);
			runOnlyForDeploymentPostprocessing = 0;
			shellPath = /bin/sh;
			shellScript = "diff \"${PODS_ROOT}/../Podfile.lock\" \"${PODS_ROOT}/Manifest.lock\" > /dev/null\nif [[ $? != 0 ]] ; then\n    cat << EOM\nerror: The sandbox is not in sync with the Podfile.lock. Run 'pod install' or update your CocoaPods installation.\nEOM\n    exit 1\nfi\n";
			showEnvVarsInLog = 0;
		};
		F60F6CC37EEBB0D635544E60 /* [CP] Embed Pods Frameworks */ = {
			isa = PBXShellScriptBuildPhase;
			buildActionMask = 2147483647;
			files = (
			);
			inputPaths = (
			);
			name = "[CP] Embed Pods Frameworks";
			outputPaths = (
			);
			runOnlyForDeploymentPostprocessing = 0;
			shellPath = /bin/sh;
			shellScript = "\"${SRCROOT}/Pods/Target Support Files/Pods-MovieNight/Pods-MovieNight-frameworks.sh\"\n";
			showEnvVarsInLog = 0;
		};
/* End PBXShellScriptBuildPhase section */

/* Begin PBXSourcesBuildPhase section */
		A03F40591CCFC20E0020201E /* Sources */ = {
			isa = PBXSourcesBuildPhase;
			buildActionMask = 2147483647;
			files = (
				20C1882A1D0BFF940001C3A2 /* MovieTableViewCell.swift in Sources */,
				93929D541CCFEE9100B23EC4 /* MovieListViewController.swift in Sources */,
				A03F40631CCFC20E0020201E /* ViewController.swift in Sources */,
				A0B6C3351D2D2E4400D582DC /* mapVC.swift in Sources */,
				A05CDCD51CD15A3B00258960 /* MovieNightAPI.swift in Sources */,
				A060638D1D16E21700BA513F /* TheaterTableViewController.swift in Sources */,
				A060638B1D16D87C00BA513F /* TheaterTableViewCell.swift in Sources */,
				A03E41001D3BA7C80013B2D2 /* DetailTableViewController.swift in Sources */,
				A0D58E9B1D0EDFAD00A9D3BD /* Movie.swift in Sources */,
				A0EC544E1D192F8A00BC7606 /* Theater.swift in Sources */,
				A03F40611CCFC20E0020201E /* AppDelegate.swift in Sources */,
				A03E41021D3BAAFF0013B2D2 /* InfoCell.swift in Sources */,
				A03E41061D3BB4A40013B2D2 /* ShowtimeCell.swift in Sources */,
			);
			runOnlyForDeploymentPostprocessing = 0;
		};
/* End PBXSourcesBuildPhase section */

/* Begin PBXVariantGroup section */
		A03F40691CCFC20E0020201E /* LaunchScreen.storyboard */ = {
			isa = PBXVariantGroup;
			children = (
				A03F406A1CCFC20E0020201E /* Base */,
			);
			name = LaunchScreen.storyboard;
			sourceTree = "<group>";
		};
/* End PBXVariantGroup section */

/* Begin XCBuildConfiguration section */
		A03F406D1CCFC20E0020201E /* Debug */ = {
			isa = XCBuildConfiguration;
			buildSettings = {
				ALWAYS_SEARCH_USER_PATHS = NO;
				CLANG_ANALYZER_NONNULL = YES;
				CLANG_CXX_LANGUAGE_STANDARD = "gnu++0x";
				CLANG_CXX_LIBRARY = "libc++";
				CLANG_ENABLE_MODULES = YES;
				CLANG_ENABLE_OBJC_ARC = YES;
				CLANG_WARN_BOOL_CONVERSION = YES;
				CLANG_WARN_CONSTANT_CONVERSION = YES;
				CLANG_WARN_DIRECT_OBJC_ISA_USAGE = YES_ERROR;
				CLANG_WARN_EMPTY_BODY = YES;
				CLANG_WARN_ENUM_CONVERSION = YES;
				CLANG_WARN_INT_CONVERSION = YES;
				CLANG_WARN_OBJC_ROOT_CLASS = YES_ERROR;
				CLANG_WARN_UNREACHABLE_CODE = YES;
				CLANG_WARN__DUPLICATE_METHOD_MATCH = YES;
				CODE_SIGN_IDENTITY = "iPhone Developer";
				"CODE_SIGN_IDENTITY[sdk=iphoneos*]" = "iPhone Developer";
				COPY_PHASE_STRIP = NO;
				DEBUG_INFORMATION_FORMAT = dwarf;
				ENABLE_STRICT_OBJC_MSGSEND = YES;
				ENABLE_TESTABILITY = YES;
				GCC_C_LANGUAGE_STANDARD = gnu99;
				GCC_DYNAMIC_NO_PIC = NO;
				GCC_NO_COMMON_BLOCKS = YES;
				GCC_OPTIMIZATION_LEVEL = 0;
				GCC_PREPROCESSOR_DEFINITIONS = (
					"DEBUG=1",
					"$(inherited)",
				);
				GCC_WARN_64_TO_32_BIT_CONVERSION = YES;
				GCC_WARN_ABOUT_RETURN_TYPE = YES_ERROR;
				GCC_WARN_UNDECLARED_SELECTOR = YES;
				GCC_WARN_UNINITIALIZED_AUTOS = YES_AGGRESSIVE;
				GCC_WARN_UNUSED_FUNCTION = YES;
				GCC_WARN_UNUSED_VARIABLE = YES;
				IPHONEOS_DEPLOYMENT_TARGET = 9.3;
				MTL_ENABLE_DEBUG_INFO = YES;
				ONLY_ACTIVE_ARCH = YES;
				SDKROOT = iphoneos;
				SWIFT_OPTIMIZATION_LEVEL = "-Onone";
				TARGETED_DEVICE_FAMILY = "1,2";
			};
			name = Debug;
		};
		A03F406E1CCFC20E0020201E /* Release */ = {
			isa = XCBuildConfiguration;
			buildSettings = {
				ALWAYS_SEARCH_USER_PATHS = NO;
				CLANG_ANALYZER_NONNULL = YES;
				CLANG_CXX_LANGUAGE_STANDARD = "gnu++0x";
				CLANG_CXX_LIBRARY = "libc++";
				CLANG_ENABLE_MODULES = YES;
				CLANG_ENABLE_OBJC_ARC = YES;
				CLANG_WARN_BOOL_CONVERSION = YES;
				CLANG_WARN_CONSTANT_CONVERSION = YES;
				CLANG_WARN_DIRECT_OBJC_ISA_USAGE = YES_ERROR;
				CLANG_WARN_EMPTY_BODY = YES;
				CLANG_WARN_ENUM_CONVERSION = YES;
				CLANG_WARN_INT_CONVERSION = YES;
				CLANG_WARN_OBJC_ROOT_CLASS = YES_ERROR;
				CLANG_WARN_UNREACHABLE_CODE = YES;
				CLANG_WARN__DUPLICATE_METHOD_MATCH = YES;
				"CODE_SIGN_IDENTITY[sdk=iphoneos*]" = "iPhone Developer";
				COPY_PHASE_STRIP = NO;
				DEBUG_INFORMATION_FORMAT = "dwarf-with-dsym";
				ENABLE_NS_ASSERTIONS = NO;
				ENABLE_STRICT_OBJC_MSGSEND = YES;
				GCC_C_LANGUAGE_STANDARD = gnu99;
				GCC_NO_COMMON_BLOCKS = YES;
				GCC_WARN_64_TO_32_BIT_CONVERSION = YES;
				GCC_WARN_ABOUT_RETURN_TYPE = YES_ERROR;
				GCC_WARN_UNDECLARED_SELECTOR = YES;
				GCC_WARN_UNINITIALIZED_AUTOS = YES_AGGRESSIVE;
				GCC_WARN_UNUSED_FUNCTION = YES;
				GCC_WARN_UNUSED_VARIABLE = YES;
				IPHONEOS_DEPLOYMENT_TARGET = 9.3;
				MTL_ENABLE_DEBUG_INFO = NO;
				SDKROOT = iphoneos;
				TARGETED_DEVICE_FAMILY = "1,2";
				VALIDATE_PRODUCT = YES;
			};
			name = Release;
		};
		A03F40701CCFC20E0020201E /* Debug */ = {
			isa = XCBuildConfiguration;
			baseConfigurationReference = 8E6BED1C1AB5FA0D99FF918B /* Pods-MovieNight.debug.xcconfig */;
			buildSettings = {
				ASSETCATALOG_COMPILER_APPICON_NAME = AppIcon;
				CODE_SIGN_IDENTITY = "iPhone Distribution";
				"CODE_SIGN_IDENTITY[sdk=iphoneos*]" = "iPhone Developer";
				INFOPLIST_FILE = MovieNight/Info.plist;
				IPHONEOS_DEPLOYMENT_TARGET = 8.0;
				LD_RUNPATH_SEARCH_PATHS = "$(inherited) @executable_path/Frameworks";
				PRODUCT_BUNDLE_IDENTIFIER = mobi.igloo.movienight;
				PRODUCT_NAME = "$(TARGET_NAME)";
				PROVISIONING_PROFILE = "";
				TARGETED_DEVICE_FAMILY = "1,2";
			};
			name = Debug;
		};
		A03F40711CCFC20E0020201E /* Release */ = {
			isa = XCBuildConfiguration;
			baseConfigurationReference = 6F03D8DA23771BDE56100024 /* Pods-MovieNight.release.xcconfig */;
			buildSettings = {
				ASSETCATALOG_COMPILER_APPICON_NAME = AppIcon;
				CODE_SIGN_IDENTITY = "iPhone Distribution";
				"CODE_SIGN_IDENTITY[sdk=iphoneos*]" = "iPhone Developer";
				INFOPLIST_FILE = MovieNight/Info.plist;
				IPHONEOS_DEPLOYMENT_TARGET = 8.0;
				LD_RUNPATH_SEARCH_PATHS = "$(inherited) @executable_path/Frameworks";
				PRODUCT_BUNDLE_IDENTIFIER = mobi.igloo.movienight;
				PRODUCT_NAME = "$(TARGET_NAME)";
				PROVISIONING_PROFILE = "";
				TARGETED_DEVICE_FAMILY = "1,2";
			};
			name = Release;
		};
/* End XCBuildConfiguration section */

/* Begin XCConfigurationList section */
		A03F40581CCFC20E0020201E /* Build configuration list for PBXProject "MovieNight" */ = {
			isa = XCConfigurationList;
			buildConfigurations = (
				A03F406D1CCFC20E0020201E /* Debug */,
				A03F406E1CCFC20E0020201E /* Release */,
			);
			defaultConfigurationIsVisible = 0;
			defaultConfigurationName = Release;
		};
		A03F406F1CCFC20E0020201E /* Build configuration list for PBXNativeTarget "MovieNight" */ = {
			isa = XCConfigurationList;
			buildConfigurations = (
				A03F40701CCFC20E0020201E /* Debug */,
				A03F40711CCFC20E0020201E /* Release */,
			);
			defaultConfigurationIsVisible = 0;
			defaultConfigurationName = Release;
		};
/* End XCConfigurationList section */
	};
	rootObject = A03F40551CCFC20E0020201E /* Project object */;
}
