// !$*UTF8*$!
{
	archiveVersion = 1;
	classes = {
	};
	objectVersion = 46;
	objects = {

/* Begin PBXBuildFile section */
		03D39E631118A5E1AD4DD750 /* Pods_MovieNight.framework in Frameworks */ = {isa = PBXBuildFile; fileRef = 6351E4C208AC2B3FEDCE29D6 /* Pods_MovieNight.framework */; };
		20C1882A1D0BFF940001C3A2 /* MovieTableViewCell.swift in Sources */ = {isa = PBXBuildFile; fileRef = 20C188291D0BFF940001C3A2 /* MovieTableViewCell.swift */; };
		93929D541CCFEE9100B23EC4 /* MovieListViewController.swift in Sources */ = {isa = PBXBuildFile; fileRef = 93929D531CCFEE9100B23EC4 /* MovieListViewController.swift */; };
		A03F40611CCFC20E0020201E /* AppDelegate.swift in Sources */ = {isa = PBXBuildFile; fileRef = A03F40601CCFC20E0020201E /* AppDelegate.swift */; };
		A03F40631CCFC20E0020201E /* ViewController.swift in Sources */ = {isa = PBXBuildFile; fileRef = A03F40621CCFC20E0020201E /* ViewController.swift */; };
		A03F40661CCFC20E0020201E /* Main.storyboard in Resources */ = {isa = PBXBuildFile; fileRef = A03F40641CCFC20E0020201E /* Main.storyboard */; };
		A03F40681CCFC20E0020201E /* Assets.xcassets in Resources */ = {isa = PBXBuildFile; fileRef = A03F40671CCFC20E0020201E /* Assets.xcassets */; };
		A03F406B1CCFC20E0020201E /* LaunchScreen.storyboard in Resources */ = {isa = PBXBuildFile; fileRef = A03F40691CCFC20E0020201E /* LaunchScreen.storyboard */; };
		A05CDCD51CD15A3B00258960 /* MovieNightAPI.swift in Sources */ = {isa = PBXBuildFile; fileRef = A05CDCD41CD15A3B00258960 /* MovieNightAPI.swift */; };
/* End PBXBuildFile section */

/* Begin PBXFileReference section */
		20C188291D0BFF940001C3A2 /* MovieTableViewCell.swift */ = {isa = PBXFileReference; fileEncoding = 4; lastKnownFileType = sourcecode.swift; path = MovieTableViewCell.swift; sourceTree = "<group>"; };
		5098B474B140BFB89A8578E2 /* Pods-MovieNight.debug.xcconfig */ = {isa = PBXFileReference; includeInIndex = 1; lastKnownFileType = text.xcconfig; name = "Pods-MovieNight.debug.xcconfig"; path = "Pods/Target Support Files/Pods-MovieNight/Pods-MovieNight.debug.xcconfig"; sourceTree = "<group>"; };
		6351E4C208AC2B3FEDCE29D6 /* Pods_MovieNight.framework */ = {isa = PBXFileReference; explicitFileType = wrapper.framework; includeInIndex = 0; path = Pods_MovieNight.framework; sourceTree = BUILT_PRODUCTS_DIR; };
		6CD8E06C14CB03886B3FA8A3 /* Pods-MovieNight.release.xcconfig */ = {isa = PBXFileReference; includeInIndex = 1; lastKnownFileType = text.xcconfig; name = "Pods-MovieNight.release.xcconfig"; path = "Pods/Target Support Files/Pods-MovieNight/Pods-MovieNight.release.xcconfig"; sourceTree = "<group>"; };
		93929D531CCFEE9100B23EC4 /* MovieListViewController.swift */ = {isa = PBXFileReference; fileEncoding = 4; lastKnownFileType = sourcecode.swift; path = MovieListViewController.swift; sourceTree = "<group>"; };
		A03F405D1CCFC20E0020201E /* MovieNight.app */ = {isa = PBXFileReference; explicitFileType = wrapper.application; includeInIndex = 0; path = MovieNight.app; sourceTree = BUILT_PRODUCTS_DIR; };
		A03F40601CCFC20E0020201E /* AppDelegate.swift */ = {isa = PBXFileReference; lastKnownFileType = sourcecode.swift; path = AppDelegate.swift; sourceTree = "<group>"; };
		A03F40621CCFC20E0020201E /* ViewController.swift */ = {isa = PBXFileReference; lastKnownFileType = sourcecode.swift; path = ViewController.swift; sourceTree = "<group>"; };
		A03F40651CCFC20E0020201E /* Base */ = {isa = PBXFileReference; lastKnownFileType = file.storyboard; name = Base; path = Base.lproj/Main.storyboard; sourceTree = "<group>"; };
		A03F40671CCFC20E0020201E /* Assets.xcassets */ = {isa = PBXFileReference; lastKnownFileType = folder.assetcatalog; path = Assets.xcassets; sourceTree = "<group>"; };
		A03F406A1CCFC20E0020201E /* Base */ = {isa = PBXFileReference; lastKnownFileType = file.storyboard; name = Base; path = Base.lproj/LaunchScreen.storyboard; sourceTree = "<group>"; };
		A03F406C1CCFC20E0020201E /* Info.plist */ = {isa = PBXFileReference; lastKnownFileType = text.plist.xml; path = Info.plist; sourceTree = "<group>"; };
		A05CDCD41CD15A3B00258960 /* MovieNightAPI.swift */ = {isa = PBXFileReference; fileEncoding = 4; lastKnownFileType = sourcecode.swift; path = MovieNightAPI.swift; sourceTree = "<group>"; };
/* End PBXFileReference section */

/* Begin PBXFrameworksBuildPhase section */
		A03F405A1CCFC20E0020201E /* Frameworks */ = {
			isa = PBXFrameworksBuildPhase;
			buildActionMask = 2147483647;
			files = (
				03D39E631118A5E1AD4DD750 /* Pods_MovieNight.framework in Frameworks */,
			);
			runOnlyForDeploymentPostprocessing = 0;
		};
/* End PBXFrameworksBuildPhase section */

/* Begin PBXGroup section */
		4DDD7D7907435C17B15ED3A5 /* Frameworks */ = {
			isa = PBXGroup;
			children = (
				6351E4C208AC2B3FEDCE29D6 /* Pods_MovieNight.framework */,
			);
			name = Frameworks;
			sourceTree = "<group>";
		};
		95982B2021E7302FEF9B430A /* Pods */ = {
			isa = PBXGroup;
			children = (
				5098B474B140BFB89A8578E2 /* Pods-MovieNight.debug.xcconfig */,
				6CD8E06C14CB03886B3FA8A3 /* Pods-MovieNight.release.xcconfig */,
			);
			name = Pods;
			sourceTree = "<group>";
		};
		A03F40541CCFC20E0020201E = {
			isa = PBXGroup;
			children = (
				A03F405F1CCFC20E0020201E /* MovieNight */,
				A03F405E1CCFC20E0020201E /* Products */,
				95982B2021E7302FEF9B430A /* Pods */,
				4DDD7D7907435C17B15ED3A5 /* Frameworks */,
			);
			sourceTree = "<group>";
		};
		A03F405E1CCFC20E0020201E /* Products */ = {
			isa = PBXGroup;
			children = (
				A03F405D1CCFC20E0020201E /* MovieNight.app */,
			);
			name = Products;
			sourceTree = "<group>";
		};
		A03F405F1CCFC20E0020201E /* MovieNight */ = {
			isa = PBXGroup;
			children = (
				A03F40601CCFC20E0020201E /* AppDelegate.swift */,
				A03F40621CCFC20E0020201E /* ViewController.swift */,
				A05CDCD41CD15A3B00258960 /* MovieNightAPI.swift */,
				93929D531CCFEE9100B23EC4 /* MovieListViewController.swift */,
				20C188291D0BFF940001C3A2 /* MovieTableViewCell.swift */,
				A03F40641CCFC20E0020201E /* Main.storyboard */,
				A03F40671CCFC20E0020201E /* Assets.xcassets */,
				A03F40691CCFC20E0020201E /* LaunchScreen.storyboard */,
				A03F406C1CCFC20E0020201E /* Info.plist */,
			);
			path = MovieNight;
			sourceTree = "<group>";
		};
/* End PBXGroup section */

/* Begin PBXNativeTarget section */
		A03F405C1CCFC20E0020201E /* MovieNight */ = {
			isa = PBXNativeTarget;
			buildConfigurationList = A03F406F1CCFC20E0020201E /* Build configuration list for PBXNativeTarget "MovieNight" */;
			buildPhases = (
				C25AB4F73B1E8A4F70B22838 /* 📦 Check Pods Manifest.lock */,
				A03F40591CCFC20E0020201E /* Sources */,
				A03F405A1CCFC20E0020201E /* Frameworks */,
				A03F405B1CCFC20E0020201E /* Resources */,
				9CF28824B6CFB873987BDCD6 /* 📦 Embed Pods Frameworks */,
				7D54C4C9D0BCB417B52427A1 /* 📦 Copy Pods Resources */,
			);
			buildRules = (
			);
			dependencies = (
			);
			name = MovieNight;
			productName = MovieNight;
			productReference = A03F405D1CCFC20E0020201E /* MovieNight.app */;
			productType = "com.apple.product-type.application";
		};
/* End PBXNativeTarget section */

/* Begin PBXProject section */
		A03F40551CCFC20E0020201E /* Project object */ = {
			isa = PBXProject;
			attributes = {
				LastSwiftUpdateCheck = 0730;
				LastUpgradeCheck = 0730;
				ORGANIZATIONNAME = "Gwendal Lasson";
				TargetAttributes = {
					A03F405C1CCFC20E0020201E = {
						CreatedOnToolsVersion = 7.3;
						DevelopmentTeam = 8XCF8YPAMS;
					};
				};
			};
			buildConfigurationList = A03F40581CCFC20E0020201E /* Build configuration list for PBXProject "MovieNight" */;
			compatibilityVersion = "Xcode 3.2";
			developmentRegion = English;
			hasScannedForEncodings = 0;
			knownRegions = (
				en,
				Base,
			);
			mainGroup = A03F40541CCFC20E0020201E;
			productRefGroup = A03F405E1CCFC20E0020201E /* Products */;
			projectDirPath = "";
			projectRoot = "";
			targets = (
				A03F405C1CCFC20E0020201E /* MovieNight */,
			);
		};
/* End PBXProject section */

/* Begin PBXResourcesBuildPhase section */
		A03F405B1CCFC20E0020201E /* Resources */ = {
			isa = PBXResourcesBuildPhase;
			buildActionMask = 2147483647;
			files = (
				A03F406B1CCFC20E0020201E /* LaunchScreen.storyboard in Resources */,
				A03F40681CCFC20E0020201E /* Assets.xcassets in Resources */,
				A03F40661CCFC20E0020201E /* Main.storyboard in Resources */,
			);
			runOnlyForDeploymentPostprocessing = 0;
		};
/* End PBXResourcesBuildPhase section */

/* Begin PBXShellScriptBuildPhase section */
		7D54C4C9D0BCB417B52427A1 /* 📦 Copy Pods Resources */ = {
			isa = PBXShellScriptBuildPhase;
			buildActionMask = 2147483647;
			files = (
			);
			inputPaths = (
			);
			name = "📦 Copy Pods Resources";
			outputPaths = (
			);
			runOnlyForDeploymentPostprocessing = 0;
			shellPath = /bin/sh;
			shellScript = "\"${SRCROOT}/Pods/Target Support Files/Pods-MovieNight/Pods-MovieNight-resources.sh\"\n";
			showEnvVarsInLog = 0;
		};
		9CF28824B6CFB873987BDCD6 /* 📦 Embed Pods Frameworks */ = {
			isa = PBXShellScriptBuildPhase;
			buildActionMask = 2147483647;
			files = (
			);
			inputPaths = (
			);
			name = "📦 Embed Pods Frameworks";
			outputPaths = (
			);
			runOnlyForDeploymentPostprocessing = 0;
			shellPath = /bin/sh;
			shellScript = "\"${SRCROOT}/Pods/Target Support Files/Pods-MovieNight/Pods-MovieNight-frameworks.sh\"\n";
			showEnvVarsInLog = 0;
		};
		C25AB4F73B1E8A4F70B22838 /* 📦 Check Pods Manifest.lock */ = {
			isa = PBXShellScriptBuildPhase;
			buildActionMask = 2147483647;
			files = (
			);
			inputPaths = (
			);
			name = "📦 Check Pods Manifest.lock";
			outputPaths = (
			);
			runOnlyForDeploymentPostprocessing = 0;
			shellPath = /bin/sh;
			shellScript = "diff \"${PODS_ROOT}/../Podfile.lock\" \"${PODS_ROOT}/Manifest.lock\" > /dev/null\nif [[ $? != 0 ]] ; then\n    cat << EOM\nerror: The sandbox is not in sync with the Podfile.lock. Run 'pod install' or update your CocoaPods installation.\nEOM\n    exit 1\nfi\n";
			showEnvVarsInLog = 0;
		};
/* End PBXShellScriptBuildPhase section */

/* Begin PBXSourcesBuildPhase section */
		A03F40591CCFC20E0020201E /* Sources */ = {
			isa = PBXSourcesBuildPhase;
			buildActionMask = 2147483647;
			files = (
				20C1882A1D0BFF940001C3A2 /* MovieTableViewCell.swift in Sources */,
				93929D541CCFEE9100B23EC4 /* MovieListViewController.swift in Sources */,
				A03F40631CCFC20E0020201E /* ViewController.swift in Sources */,
				A05CDCD51CD15A3B00258960 /* MovieNightAPI.swift in Sources */,
				A03F40611CCFC20E0020201E /* AppDelegate.swift in Sources */,
			);
			runOnlyForDeploymentPostprocessing = 0;
		};
/* End PBXSourcesBuildPhase section */

/* Begin PBXVariantGroup section */
		A03F40641CCFC20E0020201E /* Main.storyboard */ = {
			isa = PBXVariantGroup;
			children = (
				A03F40651CCFC20E0020201E /* Base */,
			);
			name = Main.storyboard;
			sourceTree = "<group>";
		};
		A03F40691CCFC20E0020201E /* LaunchScreen.storyboard */ = {
			isa = PBXVariantGroup;
			children = (
				A03F406A1CCFC20E0020201E /* Base */,
			);
			name = LaunchScreen.storyboard;
			sourceTree = "<group>";
		};
/* End PBXVariantGroup section */

/* Begin XCBuildConfiguration section */
		A03F406D1CCFC20E0020201E /* Debug */ = {
			isa = XCBuildConfiguration;
			buildSettings = {
				ALWAYS_SEARCH_USER_PATHS = NO;
				CLANG_ANALYZER_NONNULL = YES;
				CLANG_CXX_LANGUAGE_STANDARD = "gnu++0x";
				CLANG_CXX_LIBRARY = "libc++";
				CLANG_ENABLE_MODULES = YES;
				CLANG_ENABLE_OBJC_ARC = YES;
				CLANG_WARN_BOOL_CONVERSION = YES;
				CLANG_WARN_CONSTANT_CONVERSION = YES;
				CLANG_WARN_DIRECT_OBJC_ISA_USAGE = YES_ERROR;
				CLANG_WARN_EMPTY_BODY = YES;
				CLANG_WARN_ENUM_CONVERSION = YES;
				CLANG_WARN_INT_CONVERSION = YES;
				CLANG_WARN_OBJC_ROOT_CLASS = YES_ERROR;
				CLANG_WARN_UNREACHABLE_CODE = YES;
				CLANG_WARN__DUPLICATE_METHOD_MATCH = YES;
				"CODE_SIGN_IDENTITY[sdk=iphoneos*]" = "iPhone Developer";
				COPY_PHASE_STRIP = NO;
				DEBUG_INFORMATION_FORMAT = dwarf;
				ENABLE_STRICT_OBJC_MSGSEND = YES;
				ENABLE_TESTABILITY = YES;
				GCC_C_LANGUAGE_STANDARD = gnu99;
				GCC_DYNAMIC_NO_PIC = NO;
				GCC_NO_COMMON_BLOCKS = YES;
				GCC_OPTIMIZATION_LEVEL = 0;
				GCC_PREPROCESSOR_DEFINITIONS = (
					"DEBUG=1",
					"$(inherited)",
				);
				GCC_WARN_64_TO_32_BIT_CONVERSION = YES;
				GCC_WARN_ABOUT_RETURN_TYPE = YES_ERROR;
				GCC_WARN_UNDECLARED_SELECTOR = YES;
				GCC_WARN_UNINITIALIZED_AUTOS = YES_AGGRESSIVE;
				GCC_WARN_UNUSED_FUNCTION = YES;
				GCC_WARN_UNUSED_VARIABLE = YES;
				IPHONEOS_DEPLOYMENT_TARGET = 9.3;
				MTL_ENABLE_DEBUG_INFO = YES;
				ONLY_ACTIVE_ARCH = YES;
				SDKROOT = iphoneos;
				SWIFT_OPTIMIZATION_LEVEL = "-Onone";
				TARGETED_DEVICE_FAMILY = "1,2";
			};
			name = Debug;
		};
		A03F406E1CCFC20E0020201E /* Release */ = {
			isa = XCBuildConfiguration;
			buildSettings = {
				ALWAYS_SEARCH_USER_PATHS = NO;
				CLANG_ANALYZER_NONNULL = YES;
				CLANG_CXX_LANGUAGE_STANDARD = "gnu++0x";
				CLANG_CXX_LIBRARY = "libc++";
				CLANG_ENABLE_MODULES = YES;
				CLANG_ENABLE_OBJC_ARC = YES;
				CLANG_WARN_BOOL_CONVERSION = YES;
				CLANG_WARN_CONSTANT_CONVERSION = YES;
				CLANG_WARN_DIRECT_OBJC_ISA_USAGE = YES_ERROR;
				CLANG_WARN_EMPTY_BODY = YES;
				CLANG_WARN_ENUM_CONVERSION = YES;
				CLANG_WARN_INT_CONVERSION = YES;
				CLANG_WARN_OBJC_ROOT_CLASS = YES_ERROR;
				CLANG_WARN_UNREACHABLE_CODE = YES;
				CLANG_WARN__DUPLICATE_METHOD_MATCH = YES;
				"CODE_SIGN_IDENTITY[sdk=iphoneos*]" = "iPhone Developer";
				COPY_PHASE_STRIP = NO;
				DEBUG_INFORMATION_FORMAT = "dwarf-with-dsym";
				ENABLE_NS_ASSERTIONS = NO;
				ENABLE_STRICT_OBJC_MSGSEND = YES;
				GCC_C_LANGUAGE_STANDARD = gnu99;
				GCC_NO_COMMON_BLOCKS = YES;
				GCC_WARN_64_TO_32_BIT_CONVERSION = YES;
				GCC_WARN_ABOUT_RETURN_TYPE = YES_ERROR;
				GCC_WARN_UNDECLARED_SELECTOR = YES;
				GCC_WARN_UNINITIALIZED_AUTOS = YES_AGGRESSIVE;
				GCC_WARN_UNUSED_FUNCTION = YES;
				GCC_WARN_UNUSED_VARIABLE = YES;
				IPHONEOS_DEPLOYMENT_TARGET = 9.3;
				MTL_ENABLE_DEBUG_INFO = NO;
				SDKROOT = iphoneos;
				TARGETED_DEVICE_FAMILY = "1,2";
				VALIDATE_PRODUCT = YES;
			};
			name = Release;
		};
		A03F40701CCFC20E0020201E /* Debug */ = {
			isa = XCBuildConfiguration;
			baseConfigurationReference = 5098B474B140BFB89A8578E2 /* Pods-MovieNight.debug.xcconfig */;
			buildSettings = {
				ASSETCATALOG_COMPILER_APPICON_NAME = AppIcon;
				CODE_SIGN_IDENTITY = "iPhone Developer";
				"CODE_SIGN_IDENTITY[sdk=iphoneos*]" = "iPhone Developer";
				INFOPLIST_FILE = MovieNight/Info.plist;
				LD_RUNPATH_SEARCH_PATHS = "$(inherited) @executable_path/Frameworks";
				PRODUCT_BUNDLE_IDENTIFIER = igloo.MovieNight;
				PRODUCT_NAME = "$(TARGET_NAME)";
				PROVISIONING_PROFILE = "";
			};
			name = Debug;
		};
		A03F40711CCFC20E0020201E /* Release */ = {
			isa = XCBuildConfiguration;
			baseConfigurationReference = 6CD8E06C14CB03886B3FA8A3 /* Pods-MovieNight.release.xcconfig */;
			buildSettings = {
				ASSETCATALOG_COMPILER_APPICON_NAME = AppIcon;
				CODE_SIGN_IDENTITY = "iPhone Developer";
				"CODE_SIGN_IDENTITY[sdk=iphoneos*]" = "iPhone Developer";
				INFOPLIST_FILE = MovieNight/Info.plist;
				LD_RUNPATH_SEARCH_PATHS = "$(inherited) @executable_path/Frameworks";
				PRODUCT_BUNDLE_IDENTIFIER = igloo.MovieNight;
				PRODUCT_NAME = "$(TARGET_NAME)";
				PROVISIONING_PROFILE = "";
			};
			name = Release;
		};
/* End XCBuildConfiguration section */

/* Begin XCConfigurationList section */
		A03F40581CCFC20E0020201E /* Build configuration list for PBXProject "MovieNight" */ = {
			isa = XCConfigurationList;
			buildConfigurations = (
				A03F406D1CCFC20E0020201E /* Debug */,
				A03F406E1CCFC20E0020201E /* Release */,
			);
			defaultConfigurationIsVisible = 0;
			defaultConfigurationName = Release;
		};
		A03F406F1CCFC20E0020201E /* Build configuration list for PBXNativeTarget "MovieNight" */ = {
			isa = XCConfigurationList;
			buildConfigurations = (
				A03F40701CCFC20E0020201E /* Debug */,
				A03F40711CCFC20E0020201E /* Release */,
			);
			defaultConfigurationIsVisible = 0;
			defaultConfigurationName = Release;
		};
/* End XCConfigurationList section */
	};
	rootObject = A03F40551CCFC20E0020201E /* Project object */;
}
